
Microsoft Visual Studio Solution File, Format Version 12.00
# Visual Studio Version 16
VisualStudioVersion = 16.0.31005.135
MinimumVisualStudioVersion = 10.0.40219.1
Project("{9A19103F-16F7-4668-BE54-9A1E7A4F7556}") = "Codelisk.Base", "Codelisk.Base\Codelisk.Base.csproj", "{C86DB253-E4E2-4BD9-8F25-0904D404A03A}"
EndProject
Project("{9A19103F-16F7-4668-BE54-9A1E7A4F7556}") = "Codelisk.Server", "Codelisk.Server\Codelisk.Server.csproj", "{AC89A9E8-21D8-4C89-A066-773E4503DEA7}"
EndProject
Project("{9A19103F-16F7-4668-BE54-9A1E7A4F7556}") = "Codelisk.Database", "Codelisk.Database\Codelisk.Database.csproj", "{26BE2F0C-7A8E-44A3-9ACF-3CD0A852D746}"
EndProject
Project("{9A19103F-16F7-4668-BE54-9A1E7A4F7556}") = "Shiny.Framework", "Shiny.Framework\Shiny.Framework\Shiny.Framework.csproj", "{E8BB1AC2-70EF-49B4-9A88-23EF5D6878D1}"
EndProject
Global
	GlobalSection(SolutionConfigurationPlatforms) = preSolution
		Debug|Any CPU = Debug|Any CPU
		Release|Any CPU = Release|Any CPU
	EndGlobalSection
	GlobalSection(ProjectConfigurationPlatforms) = postSolution
		{C86DB253-E4E2-4BD9-8F25-0904D404A03A}.Debug|Any CPU.ActiveCfg = Debug|Any CPU
		{C86DB253-E4E2-4BD9-8F25-0904D404A03A}.Debug|Any CPU.Build.0 = Debug|Any CPU
		{C86DB253-E4E2-4BD9-8F25-0904D404A03A}.Release|Any CPU.ActiveCfg = Release|Any CPU
		{C86DB253-E4E2-4BD9-8F25-0904D404A03A}.Release|Any CPU.Build.0 = Release|Any CPU
		{AC89A9E8-21D8-4C89-A066-773E4503DEA7}.Debug|Any CPU.ActiveCfg = Debug|Any CPU
		{AC89A9E8-21D8-4C89-A066-773E4503DEA7}.Debug|Any CPU.Build.0 = Debug|Any CPU
		{AC89A9E8-21D8-4C89-A066-773E4503DEA7}.Release|Any CPU.ActiveCfg = Release|Any CPU
		{AC89A9E8-21D8-4C89-A066-773E4503DEA7}.Release|Any CPU.Build.0 = Release|Any CPU
		{26BE2F0C-7A8E-44A3-9ACF-3CD0A852D746}.Debug|Any CPU.ActiveCfg = Debug|Any CPU
		{26BE2F0C-7A8E-44A3-9ACF-3CD0A852D746}.Debug|Any CPU.Build.0 = Debug|Any CPU
		{26BE2F0C-7A8E-44A3-9ACF-3CD0A852D746}.Release|Any CPU.ActiveCfg = Release|Any CPU
		{26BE2F0C-7A8E-44A3-9ACF-3CD0A852D746}.Release|Any CPU.Build.0 = Release|Any CPU
		{E8BB1AC2-70EF-49B4-9A88-23EF5D6878D1}.Debug|Any CPU.ActiveCfg = Debug|Any CPU
		{E8BB1AC2-70EF-49B4-9A88-23EF5D6878D1}.Debug|Any CPU.Build.0 = Debug|Any CPU
		{E8BB1AC2-70EF-49B4-9A88-23EF5D6878D1}.Release|Any CPU.ActiveCfg = Release|Any CPU
		{E8BB1AC2-70EF-49B4-9A88-23EF5D6878D1}.Release|Any CPU.Build.0 = Release|Any CPU
	EndGlobalSection
	GlobalSection(SolutionProperties) = preSolution
		HideSolutionNode = FALSE
	EndGlobalSection
	GlobalSection(ExtensibilityGlobals) = postSolution
		SolutionGuid = {03BF3BE2-0129-404A-8BFF-76C5FCB65C81}
	EndGlobalSection
EndGlobal
